
Microsoft Visual Studio Solution File, Format Version 12.00
# Visual Studio Version 17
VisualStudioVersion = 17.3.32804.467
MinimumVisualStudioVersion = 10.0.40219.1
Project("{FAE04EC0-301F-11D3-BF4B-00C04F79EFBC}") = "hw-05-split", "hw-05-split\hw-05-split.csproj", "{04E92210-4C91-4A17-B83F-C3E75348D0CD}"
EndProject
Global
	GlobalSection(SolutionConfigurationPlatforms) = preSolution
		Debug|Any CPU = Debug|Any CPU
		Release|Any CPU = Release|Any CPU
	EndGlobalSection
	GlobalSection(ProjectConfigurationPlatforms) = postSolution
		{04E92210-4C91-4A17-B83F-C3E75348D0CD}.Debug|Any CPU.ActiveCfg = Debug|Any CPU
		{04E92210-4C91-4A17-B83F-C3E75348D0CD}.Debug|Any CPU.Build.0 = Debug|Any CPU
		{04E92210-4C91-4A17-B83F-C3E75348D0CD}.Release|Any CPU.ActiveCfg = Release|Any CPU
		{04E92210-4C91-4A17-B83F-C3E75348D0CD}.Release|Any CPU.Build.0 = Release|Any CPU
	EndGlobalSection
	GlobalSection(SolutionProperties) = preSolution
		HideSolutionNode = FALSE
	EndGlobalSection
	GlobalSection(ExtensibilityGlobals) = postSolution
		SolutionGuid = {42C4BD5C-DF0A-4838-A112-6A7B01A03028}
	EndGlobalSection
EndGlobal
